
Microsoft Visual Studio Solution File, Format Version 12.00
# Visual Studio Version 16
VisualStudioVersion = 16.0.29920.165
MinimumVisualStudioVersion = 10.0.40219.1
Project("{FAE04EC0-301F-11D3-BF4B-00C04F79EFBC}") = "KCWebAuth", "KCWebAuth\KCWebAuth.csproj", "{AC0B73A7-7281-4B89-998A-E766E5AF8DE9}"
EndProject
Global
	GlobalSection(SolutionConfigurationPlatforms) = preSolution
		Debug|Any CPU = Debug|Any CPU
		Release|Any CPU = Release|Any CPU
	EndGlobalSection
	GlobalSection(ProjectConfigurationPlatforms) = postSolution
		{AC0B73A7-7281-4B89-998A-E766E5AF8DE9}.Debug|Any CPU.ActiveCfg = Debug|Any CPU
		{AC0B73A7-7281-4B89-998A-E766E5AF8DE9}.Debug|Any CPU.Build.0 = Debug|Any CPU
		{AC0B73A7-7281-4B89-998A-E766E5AF8DE9}.Release|Any CPU.ActiveCfg = Release|Any CPU
		{AC0B73A7-7281-4B89-998A-E766E5AF8DE9}.Release|Any CPU.Build.0 = Release|Any CPU
	EndGlobalSection
	GlobalSection(SolutionProperties) = preSolution
		HideSolutionNode = FALSE
	EndGlobalSection
	GlobalSection(ExtensibilityGlobals) = postSolution
		SolutionGuid = {2BBDC535-C8EE-4439-9523-798DB6F74B05}
	EndGlobalSection
EndGlobal
